{
  "name": "@rbxts/input",
  "version": "1.0.0",
  "lockfileVersion": 1,
  "requires": true,
  "dependencies": {
    "@rbxts/device": {
      "version": "0.1.1",
      "resolved": "https://registry.npmjs.org/@rbxts/device/-/device-0.1.1.tgz",
      "integrity": "sha512-cGY8pBeyXh3dyNgrjth67Ayl6ResQDZlQ0yJsvwmt4T6OZTvfV9UHD+oGS5ciLxeXW9Hss1BczmRDj9nWc9RFA=="
    },
    "@rbxts/signal": {
      "version": "1.0.1",
      "resolved": "https://registry.npmjs.org/@rbxts/signal/-/signal-1.0.1.tgz",
      "integrity": "sha512-Jf4/WazPkDQ04v0NSA03HBxJ6XHOmhOO3tfbwiWdpkjpQwKfFLOWMYS3tZ+vkuGLABS5KPYbID+7J+2+92fqzQ=="
    },
    "@rbxts/types": {
      "version": "1.0.285",
      "resolved": "https://registry.npmjs.org/@rbxts/types/-/types-1.0.285.tgz",
      "integrity": "sha512-N0lyQkKUSdQwG+RNcrEhRjGMhGTKsZbu/S53h2Wz5ZHO+S3vCwOYUNuWB222nDYbOzbrMvDdweyy7cTl+emSMA==",
      "dev": true
    }
  }
}
