{
  "name": "@rbxts/color",
  "version": "0.1.0",
  "lockfileVersion": 1,
  "requires": true,
  "dependencies": {
    "@rbxts/types": {
      "version": "1.0.272",
      "resolved": "https://registry.npmjs.org/@rbxts/types/-/types-1.0.272.tgz",
      "integrity": "sha512-rm1SepaUjplpoHCB8QvSjisqzuVLgODDphlyT1aYim7i2krYWNKif2O+zmkbR5MgyYJuyYovduN+SSPkW2XRVQ==",
      "dev": true
    }
  }
}
