{
  "name": "@rbxts/rbx-welds",
  "version": "1.0.0",
  "lockfileVersion": 1,
  "requires": true,
  "dependencies": {
    "@rbxts/types": {
      "version": "1.0.276",
      "resolved": "https://registry.npmjs.org/@rbxts/types/-/types-1.0.276.tgz",
      "integrity": "sha512-Me3ARsplnLBK7u0fiTp6j9iUxmqzgh3SYphQrTt1w4DAAwk31dWsWaceC/ZCyTubPD+UzMNfWf5uTgt1DgqoBQ==",
      "dev": true
    }
  }
}
